
Microsoft Visual Studio Solution File, Format Version 12.00
# Visual Studio Version 17
VisualStudioVersion = 17.1.32421.90
MinimumVisualStudioVersion = 10.0.40219.1
Project("{FAE04EC0-301F-11D3-BF4B-00C04F79EFBC}") = "BreweryAPI", "BreweryAPI\BreweryAPI.csproj", "{43CF1E5A-5F5F-49E4-B308-F73FCF01043B}"
EndProject
Global
	GlobalSection(SolutionConfigurationPlatforms) = preSolution
		Debug|Any CPU = Debug|Any CPU
		Release|Any CPU = Release|Any CPU
	EndGlobalSection
	GlobalSection(ProjectConfigurationPlatforms) = postSolution
		{43CF1E5A-5F5F-49E4-B308-F73FCF01043B}.Debug|Any CPU.ActiveCfg = Debug|Any CPU
		{43CF1E5A-5F5F-49E4-B308-F73FCF01043B}.Debug|Any CPU.Build.0 = Debug|Any CPU
		{43CF1E5A-5F5F-49E4-B308-F73FCF01043B}.Release|Any CPU.ActiveCfg = Release|Any CPU
		{43CF1E5A-5F5F-49E4-B308-F73FCF01043B}.Release|Any CPU.Build.0 = Release|Any CPU
	EndGlobalSection
	GlobalSection(SolutionProperties) = preSolution
		HideSolutionNode = FALSE
	EndGlobalSection
	GlobalSection(ExtensibilityGlobals) = postSolution
		SolutionGuid = {4F27C5F1-E321-4F35-A320-2AF2E5195D9A}
	EndGlobalSection
EndGlobal
